// !$*UTF8*$!
{
	archiveVersion = 1;
	classes = {
	};
	objectVersion = 52;
	objects = {

/* Begin PBXBuildFile section */
		1305770A24048AC000763957 /* MapViewCell.swift in Sources */ = {isa = PBXBuildFile; fileRef = 1305770924048AC000763957 /* MapViewCell.swift */; };
		13F57B0E2405825100012B1D /* TableViewCell.swift in Sources */ = {isa = PBXBuildFile; fileRef = 13F57B0D2405825100012B1D /* TableViewCell.swift */; };
		B76B1D4B240072020075A8E4 /* AppDelegate.swift in Sources */ = {isa = PBXBuildFile; fileRef = B76B1D4A240072020075A8E4 /* AppDelegate.swift */; };
		B76B1D4D240072020075A8E4 /* SceneDelegate.swift in Sources */ = {isa = PBXBuildFile; fileRef = B76B1D4C240072020075A8E4 /* SceneDelegate.swift */; };
		B76B1D54240072040075A8E4 /* Assets.xcassets in Resources */ = {isa = PBXBuildFile; fileRef = B76B1D53240072040075A8E4 /* Assets.xcassets */; };
		B76B1D57240072040075A8E4 /* LaunchScreen.storyboard in Resources */ = {isa = PBXBuildFile; fileRef = B76B1D55240072040075A8E4 /* LaunchScreen.storyboard */; };
		B76B1D63240076110075A8E4 /* MapViewController.swift in Sources */ = {isa = PBXBuildFile; fileRef = B76B1D62240076110075A8E4 /* MapViewController.swift */; };
		B76B1D672400764C0075A8E4 /* SavedViewController.swift in Sources */ = {isa = PBXBuildFile; fileRef = B76B1D662400764C0075A8E4 /* SavedViewController.swift */; };
		B76B1D692400766E0075A8E4 /* MapView.swift in Sources */ = {isa = PBXBuildFile; fileRef = B76B1D682400766E0075A8E4 /* MapView.swift */; };
		B76B1D6B240076790075A8E4 /* ListView.swift in Sources */ = {isa = PBXBuildFile; fileRef = B76B1D6A240076790075A8E4 /* ListView.swift */; };
		B76B1D6D240086F00075A8E4 /* SavedView.swift in Sources */ = {isa = PBXBuildFile; fileRef = B76B1D6C240086F00075A8E4 /* SavedView.swift */; };
		B76B1D6F240087690075A8E4 /* DetailView.swift in Sources */ = {isa = PBXBuildFile; fileRef = B76B1D6E240087690075A8E4 /* DetailView.swift */; };
		B76B1D71240087A00075A8E4 /* DetailViewController.swift in Sources */ = {isa = PBXBuildFile; fileRef = B76B1D70240087A00075A8E4 /* DetailViewController.swift */; };
		B76B1DC82403F96E0075A8E4 /* ImageKit in Frameworks */ = {isa = PBXBuildFile; productRef = B76B1DC72403F96E0075A8E4 /* ImageKit */; };
		B76B1DCA2403FA060075A8E4 /* FourSquareTabController.swift in Sources */ = {isa = PBXBuildFile; fileRef = B76B1DC92403FA060075A8E4 /* FourSquareTabController.swift */; };
		B76B1DCC2403FE7B0075A8E4 /* Venue.swift in Sources */ = {isa = PBXBuildFile; fileRef = B76B1DCB2403FE7B0075A8E4 /* Venue.swift */; };
		B76B1DF22404618A0075A8E4 /* CoreLocationSession.swift in Sources */ = {isa = PBXBuildFile; fileRef = B76B1DF12404618A0075A8E4 /* CoreLocationSession.swift */; };
		B76B1DF5240468520075A8E4 /* Photo.swift in Sources */ = {isa = PBXBuildFile; fileRef = B76B1DF4240468520075A8E4 /* Photo.swift */; };
		B76B1DF7240470190075A8E4 /* VenueApiClient.swift in Sources */ = {isa = PBXBuildFile; fileRef = B76B1DF6240470190075A8E4 /* VenueApiClient.swift */; };
		B76B1DFF240475B30075A8E4 /* FourSquareProjectTests.swift in Sources */ = {isa = PBXBuildFile; fileRef = B76B1DFE240475B30075A8E4 /* FourSquareProjectTests.swift */; };
		B76B1E40240857710075A8E4 /* OptionsMenuView.swift in Sources */ = {isa = PBXBuildFile; fileRef = B76B1E3F240857710075A8E4 /* OptionsMenuView.swift */; };
		C6C74FA72404802200CF5629 /* Config.swift in Sources */ = {isa = PBXBuildFile; fileRef = C6C74FA62404802200CF5629 /* Config.swift */; };
/* End PBXBuildFile section */

/* Begin PBXContainerItemProxy section */
		B76B1E01240475B30075A8E4 /* PBXContainerItemProxy */ = {
			isa = PBXContainerItemProxy;
			containerPortal = B76B1D3F240072020075A8E4 /* Project object */;
			proxyType = 1;
			remoteGlobalIDString = B76B1D46240072020075A8E4;
			remoteInfo = FourSquareProject;
		};
/* End PBXContainerItemProxy section */

/* Begin PBXFileReference section */
		1305770924048AC000763957 /* MapViewCell.swift */ = {isa = PBXFileReference; fileEncoding = 4; lastKnownFileType = sourcecode.swift; name = MapViewCell.swift; path = FourSquareProject/Cells/MapViewCell.swift; sourceTree = SOURCE_ROOT; };
		13F57B0D2405825100012B1D /* TableViewCell.swift */ = {isa = PBXFileReference; lastKnownFileType = sourcecode.swift; path = TableViewCell.swift; sourceTree = "<group>"; };
		B76B1D47240072020075A8E4 /* FourSquareProject.app */ = {isa = PBXFileReference; explicitFileType = wrapper.application; includeInIndex = 0; path = FourSquareProject.app; sourceTree = BUILT_PRODUCTS_DIR; };
		B76B1D4A240072020075A8E4 /* AppDelegate.swift */ = {isa = PBXFileReference; lastKnownFileType = sourcecode.swift; path = AppDelegate.swift; sourceTree = "<group>"; };
		B76B1D4C240072020075A8E4 /* SceneDelegate.swift */ = {isa = PBXFileReference; lastKnownFileType = sourcecode.swift; path = SceneDelegate.swift; sourceTree = "<group>"; };
		B76B1D53240072040075A8E4 /* Assets.xcassets */ = {isa = PBXFileReference; lastKnownFileType = folder.assetcatalog; path = Assets.xcassets; sourceTree = "<group>"; };
		B76B1D56240072040075A8E4 /* Base */ = {isa = PBXFileReference; lastKnownFileType = file.storyboard; name = Base; path = Base.lproj/LaunchScreen.storyboard; sourceTree = "<group>"; };
		B76B1D58240072040075A8E4 /* Info.plist */ = {isa = PBXFileReference; lastKnownFileType = text.plist.xml; path = Info.plist; sourceTree = "<group>"; };
		B76B1D62240076110075A8E4 /* MapViewController.swift */ = {isa = PBXFileReference; lastKnownFileType = sourcecode.swift; path = MapViewController.swift; sourceTree = "<group>"; };
		B76B1D662400764C0075A8E4 /* SavedViewController.swift */ = {isa = PBXFileReference; lastKnownFileType = sourcecode.swift; path = SavedViewController.swift; sourceTree = "<group>"; };
		B76B1D682400766E0075A8E4 /* MapView.swift */ = {isa = PBXFileReference; lastKnownFileType = sourcecode.swift; path = MapView.swift; sourceTree = "<group>"; };
		B76B1D6A240076790075A8E4 /* ListView.swift */ = {isa = PBXFileReference; lastKnownFileType = sourcecode.swift; path = ListView.swift; sourceTree = "<group>"; };
		B76B1D6C240086F00075A8E4 /* SavedView.swift */ = {isa = PBXFileReference; lastKnownFileType = sourcecode.swift; path = SavedView.swift; sourceTree = "<group>"; };
		B76B1D6E240087690075A8E4 /* DetailView.swift */ = {isa = PBXFileReference; lastKnownFileType = sourcecode.swift; path = DetailView.swift; sourceTree = "<group>"; };
		B76B1D70240087A00075A8E4 /* DetailViewController.swift */ = {isa = PBXFileReference; lastKnownFileType = sourcecode.swift; path = DetailViewController.swift; sourceTree = "<group>"; };
		B76B1DC92403FA060075A8E4 /* FourSquareTabController.swift */ = {isa = PBXFileReference; lastKnownFileType = sourcecode.swift; path = FourSquareTabController.swift; sourceTree = "<group>"; };
		B76B1DCB2403FE7B0075A8E4 /* Venue.swift */ = {isa = PBXFileReference; lastKnownFileType = sourcecode.swift; path = Venue.swift; sourceTree = "<group>"; };
		B76B1DF12404618A0075A8E4 /* CoreLocationSession.swift */ = {isa = PBXFileReference; lastKnownFileType = sourcecode.swift; path = CoreLocationSession.swift; sourceTree = "<group>"; };
		B76B1DF4240468520075A8E4 /* Photo.swift */ = {isa = PBXFileReference; lastKnownFileType = sourcecode.swift; path = Photo.swift; sourceTree = "<group>"; };
		B76B1DF6240470190075A8E4 /* VenueApiClient.swift */ = {isa = PBXFileReference; lastKnownFileType = sourcecode.swift; path = VenueApiClient.swift; sourceTree = "<group>"; };
		B76B1DFC240475B30075A8E4 /* FourSquareProjectTests.xctest */ = {isa = PBXFileReference; explicitFileType = wrapper.cfbundle; includeInIndex = 0; path = FourSquareProjectTests.xctest; sourceTree = BUILT_PRODUCTS_DIR; };
		B76B1DFE240475B30075A8E4 /* FourSquareProjectTests.swift */ = {isa = PBXFileReference; lastKnownFileType = sourcecode.swift; path = FourSquareProjectTests.swift; sourceTree = "<group>"; };
		B76B1E00240475B30075A8E4 /* Info.plist */ = {isa = PBXFileReference; lastKnownFileType = text.plist.xml; path = Info.plist; sourceTree = "<group>"; };
		B76B1E3F240857710075A8E4 /* OptionsMenuView.swift */ = {isa = PBXFileReference; lastKnownFileType = sourcecode.swift; path = OptionsMenuView.swift; sourceTree = "<group>"; };
		C6C74FA62404802200CF5629 /* Config.swift */ = {isa = PBXFileReference; lastKnownFileType = sourcecode.swift; path = Config.swift; sourceTree = "<group>"; };
/* End PBXFileReference section */

/* Begin PBXFrameworksBuildPhase section */
		B76B1D44240072020075A8E4 /* Frameworks */ = {
			isa = PBXFrameworksBuildPhase;
			buildActionMask = 2147483647;
			files = (
				B76B1DC82403F96E0075A8E4 /* ImageKit in Frameworks */,
			);
			runOnlyForDeploymentPostprocessing = 0;
		};
		B76B1DF9240475B30075A8E4 /* Frameworks */ = {
			isa = PBXFrameworksBuildPhase;
			buildActionMask = 2147483647;
			files = (
			);
			runOnlyForDeploymentPostprocessing = 0;
		};
/* End PBXFrameworksBuildPhase section */

/* Begin PBXGroup section */
		1305770B24048ACC00763957 /* Cell */ = {
			isa = PBXGroup;
			children = (
				1305770924048AC000763957 /* MapViewCell.swift */,
				13F57B0D2405825100012B1D /* TableViewCell.swift */,
			);
			path = Cell;
			sourceTree = "<group>";
		};
		B76B1D3E240072020075A8E4 = {
			isa = PBXGroup;
			children = (
				B76B1D49240072020075A8E4 /* FourSquareProject */,
				B76B1DFD240475B30075A8E4 /* FourSquareProjectTests */,
				B76B1D48240072020075A8E4 /* Products */,
			);
			sourceTree = "<group>";
		};
		B76B1D48240072020075A8E4 /* Products */ = {
			isa = PBXGroup;
			children = (
				B76B1D47240072020075A8E4 /* FourSquareProject.app */,
				B76B1DFC240475B30075A8E4 /* FourSquareProjectTests.xctest */,
			);
			name = Products;
			sourceTree = "<group>";
		};
		B76B1D49240072020075A8E4 /* FourSquareProject */ = {
			isa = PBXGroup;
			children = (
				1305770B24048ACC00763957 /* Cell */,
				B76B1DF3240461980075A8E4 /* CoreLocation */,
				B76B1D60240074FE0075A8E4 /* SupportingFiles */,
				B76B1D5F240074F00075A8E4 /* Views */,
				B76B1D5E240074E30075A8E4 /* ViewControllers */,
				B76B1D72240087A80075A8E4 /* Model */,
				B76B1D612400751E0075A8E4 /* Networks */,
				B76B1D58240072040075A8E4 /* Info.plist */,
			);
			path = FourSquareProject;
			sourceTree = "<group>";
		};
		B76B1D5E240074E30075A8E4 /* ViewControllers */ = {
			isa = PBXGroup;
			children = (
				B76B1DC92403FA060075A8E4 /* FourSquareTabController.swift */,
				B76B1D62240076110075A8E4 /* MapViewController.swift */,
				B76B1D70240087A00075A8E4 /* DetailViewController.swift */,
				B76B1D662400764C0075A8E4 /* SavedViewController.swift */,
			);
			path = ViewControllers;
			sourceTree = "<group>";
		};
		B76B1D5F240074F00075A8E4 /* Views */ = {
			isa = PBXGroup;
			children = (
				B76B1D682400766E0075A8E4 /* MapView.swift */,
				B76B1D6A240076790075A8E4 /* ListView.swift */,
				B76B1D6C240086F00075A8E4 /* SavedView.swift */,
				B76B1D6E240087690075A8E4 /* DetailView.swift */,
				B76B1E3F240857710075A8E4 /* OptionsMenuView.swift */,
			);
			path = Views;
			sourceTree = "<group>";
		};
		B76B1D60240074FE0075A8E4 /* SupportingFiles */ = {
			isa = PBXGroup;
			children = (
				B76B1D4A240072020075A8E4 /* AppDelegate.swift */,
				B76B1D4C240072020075A8E4 /* SceneDelegate.swift */,
				B76B1D53240072040075A8E4 /* Assets.xcassets */,
				B76B1D55240072040075A8E4 /* LaunchScreen.storyboard */,
				C6C74FA62404802200CF5629 /* Config.swift */,
			);
			path = SupportingFiles;
			sourceTree = "<group>";
		};
		B76B1D612400751E0075A8E4 /* Networks */ = {
			isa = PBXGroup;
			children = (
				B76B1DF6240470190075A8E4 /* VenueApiClient.swift */,
			);
			path = Networks;
			sourceTree = "<group>";
		};
		B76B1D72240087A80075A8E4 /* Model */ = {
			isa = PBXGroup;
			children = (
				B76B1DCB2403FE7B0075A8E4 /* Venue.swift */,
				B76B1DF4240468520075A8E4 /* Photo.swift */,
			);
			path = Model;
			sourceTree = "<group>";
		};
		B76B1DF3240461980075A8E4 /* CoreLocation */ = {
			isa = PBXGroup;
			children = (
				B76B1DF12404618A0075A8E4 /* CoreLocationSession.swift */,
			);
			path = CoreLocation;
			sourceTree = "<group>";
		};
		B76B1DFD240475B30075A8E4 /* FourSquareProjectTests */ = {
			isa = PBXGroup;
			children = (
				B76B1DFE240475B30075A8E4 /* FourSquareProjectTests.swift */,
				B76B1E00240475B30075A8E4 /* Info.plist */,
			);
			path = FourSquareProjectTests;
			sourceTree = "<group>";
		};
/* End PBXGroup section */

/* Begin PBXNativeTarget section */
		B76B1D46240072020075A8E4 /* FourSquareProject */ = {
			isa = PBXNativeTarget;
			buildConfigurationList = B76B1D5B240072040075A8E4 /* Build configuration list for PBXNativeTarget "FourSquareProject" */;
			buildPhases = (
				B76B1D43240072020075A8E4 /* Sources */,
				B76B1D44240072020075A8E4 /* Frameworks */,
				B76B1D45240072020075A8E4 /* Resources */,
			);
			buildRules = (
			);
			dependencies = (
			);
			name = FourSquareProject;
			packageProductDependencies = (
				B76B1DC72403F96E0075A8E4 /* ImageKit */,
			);
			productName = FourSquareProject;
			productReference = B76B1D47240072020075A8E4 /* FourSquareProject.app */;
			productType = "com.apple.product-type.application";
		};
		B76B1DFB240475B30075A8E4 /* FourSquareProjectTests */ = {
			isa = PBXNativeTarget;
			buildConfigurationList = B76B1E03240475B30075A8E4 /* Build configuration list for PBXNativeTarget "FourSquareProjectTests" */;
			buildPhases = (
				B76B1DF8240475B30075A8E4 /* Sources */,
				B76B1DF9240475B30075A8E4 /* Frameworks */,
				B76B1DFA240475B30075A8E4 /* Resources */,
			);
			buildRules = (
			);
			dependencies = (
				B76B1E02240475B30075A8E4 /* PBXTargetDependency */,
			);
			name = FourSquareProjectTests;
			productName = FourSquareProjectTests;
			productReference = B76B1DFC240475B30075A8E4 /* FourSquareProjectTests.xctest */;
			productType = "com.apple.product-type.bundle.unit-test";
		};
/* End PBXNativeTarget section */

/* Begin PBXProject section */
		B76B1D3F240072020075A8E4 /* Project object */ = {
			isa = PBXProject;
			attributes = {
				LastSwiftUpdateCheck = 1120;
				LastUpgradeCheck = 1120;
				ORGANIZATIONNAME = "Amy Alsaydi";
				TargetAttributes = {
					B76B1D46240072020075A8E4 = {
						CreatedOnToolsVersion = 11.2;
					};
					B76B1DFB240475B30075A8E4 = {
						CreatedOnToolsVersion = 11.2;
						TestTargetID = B76B1D46240072020075A8E4;
					};
				};
			};
			buildConfigurationList = B76B1D42240072020075A8E4 /* Build configuration list for PBXProject "FourSquareProject" */;
			compatibilityVersion = "Xcode 9.3";
			developmentRegion = en;
			hasScannedForEncodings = 0;
			knownRegions = (
				en,
				Base,
			);
			mainGroup = B76B1D3E240072020075A8E4;
			packageReferences = (
				B76B1DC62403F96E0075A8E4 /* XCRemoteSwiftPackageReference "ImageKit" */,
			);
			productRefGroup = B76B1D48240072020075A8E4 /* Products */;
			projectDirPath = "";
			projectRoot = "";
			targets = (
				B76B1D46240072020075A8E4 /* FourSquareProject */,
				B76B1DFB240475B30075A8E4 /* FourSquareProjectTests */,
			);
		};
/* End PBXProject section */

/* Begin PBXResourcesBuildPhase section */
		B76B1D45240072020075A8E4 /* Resources */ = {
			isa = PBXResourcesBuildPhase;
			buildActionMask = 2147483647;
			files = (
				B76B1D57240072040075A8E4 /* LaunchScreen.storyboard in Resources */,
				B76B1D54240072040075A8E4 /* Assets.xcassets in Resources */,
			);
			runOnlyForDeploymentPostprocessing = 0;
		};
		B76B1DFA240475B30075A8E4 /* Resources */ = {
			isa = PBXResourcesBuildPhase;
			buildActionMask = 2147483647;
			files = (
			);
			runOnlyForDeploymentPostprocessing = 0;
		};
/* End PBXResourcesBuildPhase section */

/* Begin PBXSourcesBuildPhase section */
		B76B1D43240072020075A8E4 /* Sources */ = {
			isa = PBXSourcesBuildPhase;
			buildActionMask = 2147483647;
			files = (
				B76B1E40240857710075A8E4 /* OptionsMenuView.swift in Sources */,
				B76B1D6D240086F00075A8E4 /* SavedView.swift in Sources */,
				B76B1D6F240087690075A8E4 /* DetailView.swift in Sources */,
				B76B1DF22404618A0075A8E4 /* CoreLocationSession.swift in Sources */,
				13F57B0E2405825100012B1D /* TableViewCell.swift in Sources */,
				B76B1D4B240072020075A8E4 /* AppDelegate.swift in Sources */,
				C6C74FA72404802200CF5629 /* Config.swift in Sources */,
				B76B1D692400766E0075A8E4 /* MapView.swift in Sources */,
				B76B1D63240076110075A8E4 /* MapViewController.swift in Sources */,
				B76B1D6B240076790075A8E4 /* ListView.swift in Sources */,
				B76B1DF5240468520075A8E4 /* Photo.swift in Sources */,
				B76B1DCA2403FA060075A8E4 /* FourSquareTabController.swift in Sources */,
				B76B1DF7240470190075A8E4 /* VenueApiClient.swift in Sources */,
				B76B1D71240087A00075A8E4 /* DetailViewController.swift in Sources */,
				1305770A24048AC000763957 /* MapViewCell.swift in Sources */,
				B76B1D672400764C0075A8E4 /* SavedViewController.swift in Sources */,
				B76B1DCC2403FE7B0075A8E4 /* Venue.swift in Sources */,
				B76B1D4D240072020075A8E4 /* SceneDelegate.swift in Sources */,
			);
			runOnlyForDeploymentPostprocessing = 0;
		};
		B76B1DF8240475B30075A8E4 /* Sources */ = {
			isa = PBXSourcesBuildPhase;
			buildActionMask = 2147483647;
			files = (
				B76B1DFF240475B30075A8E4 /* FourSquareProjectTests.swift in Sources */,
			);
			runOnlyForDeploymentPostprocessing = 0;
		};
/* End PBXSourcesBuildPhase section */

/* Begin PBXTargetDependency section */
		B76B1E02240475B30075A8E4 /* PBXTargetDependency */ = {
			isa = PBXTargetDependency;
			target = B76B1D46240072020075A8E4 /* FourSquareProject */;
			targetProxy = B76B1E01240475B30075A8E4 /* PBXContainerItemProxy */;
		};
/* End PBXTargetDependency section */

/* Begin PBXVariantGroup section */
		B76B1D55240072040075A8E4 /* LaunchScreen.storyboard */ = {
			isa = PBXVariantGroup;
			children = (
				B76B1D56240072040075A8E4 /* Base */,
			);
			name = LaunchScreen.storyboard;
			sourceTree = "<group>";
		};
/* End PBXVariantGroup section */

/* Begin XCBuildConfiguration section */
		B76B1D59240072040075A8E4 /* Debug */ = {
			isa = XCBuildConfiguration;
			buildSettings = {
				ALWAYS_SEARCH_USER_PATHS = NO;
				CLANG_ANALYZER_NONNULL = YES;
				CLANG_ANALYZER_NUMBER_OBJECT_CONVERSION = YES_AGGRESSIVE;
				CLANG_CXX_LANGUAGE_STANDARD = "gnu++14";
				CLANG_CXX_LIBRARY = "libc++";
				CLANG_ENABLE_MODULES = YES;
				CLANG_ENABLE_OBJC_ARC = YES;
				CLANG_ENABLE_OBJC_WEAK = YES;
				CLANG_WARN_BLOCK_CAPTURE_AUTORELEASING = YES;
				CLANG_WARN_BOOL_CONVERSION = YES;
				CLANG_WARN_COMMA = YES;
				CLANG_WARN_CONSTANT_CONVERSION = YES;
				CLANG_WARN_DEPRECATED_OBJC_IMPLEMENTATIONS = YES;
				CLANG_WARN_DIRECT_OBJC_ISA_USAGE = YES_ERROR;
				CLANG_WARN_DOCUMENTATION_COMMENTS = YES;
				CLANG_WARN_EMPTY_BODY = YES;
				CLANG_WARN_ENUM_CONVERSION = YES;
				CLANG_WARN_INFINITE_RECURSION = YES;
				CLANG_WARN_INT_CONVERSION = YES;
				CLANG_WARN_NON_LITERAL_NULL_CONVERSION = YES;
				CLANG_WARN_OBJC_IMPLICIT_RETAIN_SELF = YES;
				CLANG_WARN_OBJC_LITERAL_CONVERSION = YES;
				CLANG_WARN_OBJC_ROOT_CLASS = YES_ERROR;
				CLANG_WARN_RANGE_LOOP_ANALYSIS = YES;
				CLANG_WARN_STRICT_PROTOTYPES = YES;
				CLANG_WARN_SUSPICIOUS_MOVE = YES;
				CLANG_WARN_UNGUARDED_AVAILABILITY = YES_AGGRESSIVE;
				CLANG_WARN_UNREACHABLE_CODE = YES;
				CLANG_WARN__DUPLICATE_METHOD_MATCH = YES;
				COPY_PHASE_STRIP = NO;
				DEBUG_INFORMATION_FORMAT = dwarf;
				ENABLE_STRICT_OBJC_MSGSEND = YES;
				ENABLE_TESTABILITY = YES;
				GCC_C_LANGUAGE_STANDARD = gnu11;
				GCC_DYNAMIC_NO_PIC = NO;
				GCC_NO_COMMON_BLOCKS = YES;
				GCC_OPTIMIZATION_LEVEL = 0;
				GCC_PREPROCESSOR_DEFINITIONS = (
					"DEBUG=1",
					"$(inherited)",
				);
				GCC_WARN_64_TO_32_BIT_CONVERSION = YES;
				GCC_WARN_ABOUT_RETURN_TYPE = YES_ERROR;
				GCC_WARN_UNDECLARED_SELECTOR = YES;
				GCC_WARN_UNINITIALIZED_AUTOS = YES_AGGRESSIVE;
				GCC_WARN_UNUSED_FUNCTION = YES;
				GCC_WARN_UNUSED_VARIABLE = YES;
				IPHONEOS_DEPLOYMENT_TARGET = 13.2;
				MTL_ENABLE_DEBUG_INFO = INCLUDE_SOURCE;
				MTL_FAST_MATH = YES;
				ONLY_ACTIVE_ARCH = YES;
				SDKROOT = iphoneos;
				SWIFT_ACTIVE_COMPILATION_CONDITIONS = DEBUG;
				SWIFT_OPTIMIZATION_LEVEL = "-Onone";
			};
			name = Debug;
		};
		B76B1D5A240072040075A8E4 /* Release */ = {
			isa = XCBuildConfiguration;
			buildSettings = {
				ALWAYS_SEARCH_USER_PATHS = NO;
				CLANG_ANALYZER_NONNULL = YES;
				CLANG_ANALYZER_NUMBER_OBJECT_CONVERSION = YES_AGGRESSIVE;
				CLANG_CXX_LANGUAGE_STANDARD = "gnu++14";
				CLANG_CXX_LIBRARY = "libc++";
				CLANG_ENABLE_MODULES = YES;
				CLANG_ENABLE_OBJC_ARC = YES;
				CLANG_ENABLE_OBJC_WEAK = YES;
				CLANG_WARN_BLOCK_CAPTURE_AUTORELEASING = YES;
				CLANG_WARN_BOOL_CONVERSION = YES;
				CLANG_WARN_COMMA = YES;
				CLANG_WARN_CONSTANT_CONVERSION = YES;
				CLANG_WARN_DEPRECATED_OBJC_IMPLEMENTATIONS = YES;
				CLANG_WARN_DIRECT_OBJC_ISA_USAGE = YES_ERROR;
				CLANG_WARN_DOCUMENTATION_COMMENTS = YES;
				CLANG_WARN_EMPTY_BODY = YES;
				CLANG_WARN_ENUM_CONVERSION = YES;
				CLANG_WARN_INFINITE_RECURSION = YES;
				CLANG_WARN_INT_CONVERSION = YES;
				CLANG_WARN_NON_LITERAL_NULL_CONVERSION = YES;
				CLANG_WARN_OBJC_IMPLICIT_RETAIN_SELF = YES;
				CLANG_WARN_OBJC_LITERAL_CONVERSION = YES;
				CLANG_WARN_OBJC_ROOT_CLASS = YES_ERROR;
				CLANG_WARN_RANGE_LOOP_ANALYSIS = YES;
				CLANG_WARN_STRICT_PROTOTYPES = YES;
				CLANG_WARN_SUSPICIOUS_MOVE = YES;
				CLANG_WARN_UNGUARDED_AVAILABILITY = YES_AGGRESSIVE;
				CLANG_WARN_UNREACHABLE_CODE = YES;
				CLANG_WARN__DUPLICATE_METHOD_MATCH = YES;
				COPY_PHASE_STRIP = NO;
				DEBUG_INFORMATION_FORMAT = "dwarf-with-dsym";
				ENABLE_NS_ASSERTIONS = NO;
				ENABLE_STRICT_OBJC_MSGSEND = YES;
				GCC_C_LANGUAGE_STANDARD = gnu11;
				GCC_NO_COMMON_BLOCKS = YES;
				GCC_WARN_64_TO_32_BIT_CONVERSION = YES;
				GCC_WARN_ABOUT_RETURN_TYPE = YES_ERROR;
				GCC_WARN_UNDECLARED_SELECTOR = YES;
				GCC_WARN_UNINITIALIZED_AUTOS = YES_AGGRESSIVE;
				GCC_WARN_UNUSED_FUNCTION = YES;
				GCC_WARN_UNUSED_VARIABLE = YES;
				IPHONEOS_DEPLOYMENT_TARGET = 13.2;
				MTL_ENABLE_DEBUG_INFO = NO;
				MTL_FAST_MATH = YES;
				SDKROOT = iphoneos;
				SWIFT_COMPILATION_MODE = wholemodule;
				SWIFT_OPTIMIZATION_LEVEL = "-O";
				VALIDATE_PRODUCT = YES;
			};
			name = Release;
		};
		B76B1D5C240072040075A8E4 /* Debug */ = {
			isa = XCBuildConfiguration;
			buildSettings = {
				ASSETCATALOG_COMPILER_APPICON_NAME = AppIcon;
				CODE_SIGN_STYLE = Automatic;
				DEVELOPMENT_TEAM = WDT827LK75;
				INFOPLIST_FILE = FourSquareProject/Info.plist;
				LD_RUNPATH_SEARCH_PATHS = (
					"$(inherited)",
					"@executable_path/Frameworks",
				);
				PRODUCT_BUNDLE_IDENTIFIER = com.Amy.FourSquareProject;
				PRODUCT_NAME = "$(TARGET_NAME)";
				SWIFT_VERSION = 5.0;
				TARGETED_DEVICE_FAMILY = "1,2";
			};
			name = Debug;
		};
		B76B1D5D240072040075A8E4 /* Release */ = {
			isa = XCBuildConfiguration;
			buildSettings = {
				ASSETCATALOG_COMPILER_APPICON_NAME = AppIcon;
				CODE_SIGN_STYLE = Automatic;
				DEVELOPMENT_TEAM = WDT827LK75;
				INFOPLIST_FILE = FourSquareProject/Info.plist;
				LD_RUNPATH_SEARCH_PATHS = (
					"$(inherited)",
					"@executable_path/Frameworks",
				);
				PRODUCT_BUNDLE_IDENTIFIER = com.Amy.FourSquareProject;
				PRODUCT_NAME = "$(TARGET_NAME)";
				SWIFT_VERSION = 5.0;
				TARGETED_DEVICE_FAMILY = "1,2";
			};
			name = Release;
		};
		B76B1E04240475B30075A8E4 /* Debug */ = {
			isa = XCBuildConfiguration;
			buildSettings = {
				BUNDLE_LOADER = "$(TEST_HOST)";
				CODE_SIGN_STYLE = Automatic;
				DEVELOPMENT_TEAM = WDT827LK75;
				INFOPLIST_FILE = FourSquareProjectTests/Info.plist;
				LD_RUNPATH_SEARCH_PATHS = (
					"$(inherited)",
					"@executable_path/Frameworks",
					"@loader_path/Frameworks",
				);
				PRODUCT_BUNDLE_IDENTIFIER = com.Amy.FourSquareProjectTests;
				PRODUCT_NAME = "$(TARGET_NAME)";
				SWIFT_VERSION = 5.0;
				TARGETED_DEVICE_FAMILY = "1,2";
				TEST_HOST = "$(BUILT_PRODUCTS_DIR)/FourSquareProject.app/FourSquareProject";
			};
			name = Debug;
		};
		B76B1E05240475B30075A8E4 /* Release */ = {
			isa = XCBuildConfiguration;
			buildSettings = {
				BUNDLE_LOADER = "$(TEST_HOST)";
				CODE_SIGN_STYLE = Automatic;
				DEVELOPMENT_TEAM = WDT827LK75;
				INFOPLIST_FILE = FourSquareProjectTests/Info.plist;
				LD_RUNPATH_SEARCH_PATHS = (
					"$(inherited)",
					"@executable_path/Frameworks",
					"@loader_path/Frameworks",
				);
				PRODUCT_BUNDLE_IDENTIFIER = com.Amy.FourSquareProjectTests;
				PRODUCT_NAME = "$(TARGET_NAME)";
				SWIFT_VERSION = 5.0;
				TARGETED_DEVICE_FAMILY = "1,2";
				TEST_HOST = "$(BUILT_PRODUCTS_DIR)/FourSquareProject.app/FourSquareProject";
			};
			name = Release;
		};
/* End XCBuildConfiguration section */

/* Begin XCConfigurationList section */
		B76B1D42240072020075A8E4 /* Build configuration list for PBXProject "FourSquareProject" */ = {
			isa = XCConfigurationList;
			buildConfigurations = (
				B76B1D59240072040075A8E4 /* Debug */,
				B76B1D5A240072040075A8E4 /* Release */,
			);
			defaultConfigurationIsVisible = 0;
			defaultConfigurationName = Release;
		};
		B76B1D5B240072040075A8E4 /* Build configuration list for PBXNativeTarget "FourSquareProject" */ = {
			isa = XCConfigurationList;
			buildConfigurations = (
				B76B1D5C240072040075A8E4 /* Debug */,
				B76B1D5D240072040075A8E4 /* Release */,
			);
			defaultConfigurationIsVisible = 0;
			defaultConfigurationName = Release;
		};
		B76B1E03240475B30075A8E4 /* Build configuration list for PBXNativeTarget "FourSquareProjectTests" */ = {
			isa = XCConfigurationList;
			buildConfigurations = (
				B76B1E04240475B30075A8E4 /* Debug */,
				B76B1E05240475B30075A8E4 /* Release */,
			);
			defaultConfigurationIsVisible = 0;
			defaultConfigurationName = Release;
		};
/* End XCConfigurationList section */

/* Begin XCRemoteSwiftPackageReference section */
		B76B1DC62403F96E0075A8E4 /* XCRemoteSwiftPackageReference "ImageKit" */ = {
			isa = XCRemoteSwiftPackageReference;
			repositoryURL = "https://github.com/alexpaul/ImageKit";
			requirement = {
				kind = upToNextMajorVersion;
				minimumVersion = 1.0.4;
			};
		};
/* End XCRemoteSwiftPackageReference section */

/* Begin XCSwiftPackageProductDependency section */
		B76B1DC72403F96E0075A8E4 /* ImageKit */ = {
			isa = XCSwiftPackageProductDependency;
			package = B76B1DC62403F96E0075A8E4 /* XCRemoteSwiftPackageReference "ImageKit" */;
			productName = ImageKit;
		};
/* End XCSwiftPackageProductDependency section */
	};
	rootObject = B76B1D3F240072020075A8E4 /* Project object */;
}
